
Microsoft Visual Studio Solution File, Format Version 12.00
# Visual Studio Version 16
VisualStudioVersion = 16.0.29020.237
MinimumVisualStudioVersion = 10.0.40219.1
Project("{FAE04EC0-301F-11D3-BF4B-00C04F79EFBC}") = "ProjetoFinalConsole", "ProjetoFinalConsole.csproj", "{D1B02249-A14A-492B-A0BD-5A5F51CA2520}"
EndProject
Global
	GlobalSection(SolutionConfigurationPlatforms) = preSolution
		Debug|Any CPU = Debug|Any CPU
		Release|Any CPU = Release|Any CPU
	EndGlobalSection
	GlobalSection(ProjectConfigurationPlatforms) = postSolution
		{D1B02249-A14A-492B-A0BD-5A5F51CA2520}.Debug|Any CPU.ActiveCfg = Debug|Any CPU
		{D1B02249-A14A-492B-A0BD-5A5F51CA2520}.Debug|Any CPU.Build.0 = Debug|Any CPU
		{D1B02249-A14A-492B-A0BD-5A5F51CA2520}.Release|Any CPU.ActiveCfg = Release|Any CPU
		{D1B02249-A14A-492B-A0BD-5A5F51CA2520}.Release|Any CPU.Build.0 = Release|Any CPU
	EndGlobalSection
	GlobalSection(SolutionProperties) = preSolution
		HideSolutionNode = FALSE
	EndGlobalSection
	GlobalSection(ExtensibilityGlobals) = postSolution
		SolutionGuid = {E622BAA2-2150-4A59-AAEF-A93D438097BE}
	EndGlobalSection
EndGlobal
