
Microsoft Visual Studio Solution File, Format Version 12.00
# Visual Studio Version 16
VisualStudioVersion = 16.0.29020.237
MinimumVisualStudioVersion = 10.0.40219.1
Project("{FAE04EC0-301F-11D3-BF4B-00C04F79EFBC}") = "SistemaAlocacaoDeCarros", "SistemaAlocacaoDeCarros.csproj", "{4D20E87F-76C5-49C9-A215-84A7E907AD58}"
EndProject
Global
	GlobalSection(SolutionConfigurationPlatforms) = preSolution
		Debug|Any CPU = Debug|Any CPU
		Release|Any CPU = Release|Any CPU
	EndGlobalSection
	GlobalSection(ProjectConfigurationPlatforms) = postSolution
		{4D20E87F-76C5-49C9-A215-84A7E907AD58}.Debug|Any CPU.ActiveCfg = Debug|Any CPU
		{4D20E87F-76C5-49C9-A215-84A7E907AD58}.Debug|Any CPU.Build.0 = Debug|Any CPU
		{4D20E87F-76C5-49C9-A215-84A7E907AD58}.Release|Any CPU.ActiveCfg = Release|Any CPU
		{4D20E87F-76C5-49C9-A215-84A7E907AD58}.Release|Any CPU.Build.0 = Release|Any CPU
	EndGlobalSection
	GlobalSection(SolutionProperties) = preSolution
		HideSolutionNode = FALSE
	EndGlobalSection
	GlobalSection(ExtensibilityGlobals) = postSolution
		SolutionGuid = {C5C1B73E-B378-4CFB-8F65-D8F9FB8636F2}
	EndGlobalSection
EndGlobal
