
Microsoft Visual Studio Solution File, Format Version 12.00
# Visual Studio Version 16
VisualStudioVersion = 16.0.29020.237
MinimumVisualStudioVersion = 10.0.40219.1
Project("{FAE04EC0-301F-11D3-BF4B-00C04F79EFBC}") = "ConsoleBeep", "ConsoleBeep.csproj", "{2C2B8EF4-7A4E-4B11-8CED-8AC0DD961F26}"
EndProject
Global
	GlobalSection(SolutionConfigurationPlatforms) = preSolution
		Debug|Any CPU = Debug|Any CPU
		Release|Any CPU = Release|Any CPU
	EndGlobalSection
	GlobalSection(ProjectConfigurationPlatforms) = postSolution
		{2C2B8EF4-7A4E-4B11-8CED-8AC0DD961F26}.Debug|Any CPU.ActiveCfg = Debug|Any CPU
		{2C2B8EF4-7A4E-4B11-8CED-8AC0DD961F26}.Debug|Any CPU.Build.0 = Debug|Any CPU
		{2C2B8EF4-7A4E-4B11-8CED-8AC0DD961F26}.Release|Any CPU.ActiveCfg = Release|Any CPU
		{2C2B8EF4-7A4E-4B11-8CED-8AC0DD961F26}.Release|Any CPU.Build.0 = Release|Any CPU
	EndGlobalSection
	GlobalSection(SolutionProperties) = preSolution
		HideSolutionNode = FALSE
	EndGlobalSection
	GlobalSection(ExtensibilityGlobals) = postSolution
		SolutionGuid = {C6995B06-A7A6-49D8-ABEA-5787AB778B30}
	EndGlobalSection
EndGlobal
