
Microsoft Visual Studio Solution File, Format Version 12.00
# Visual Studio Version 16
VisualStudioVersion = 16.0.29020.237
MinimumVisualStudioVersion = 10.0.40219.1
Project("{FAE04EC0-301F-11D3-BF4B-00C04F79EFBC}") = "ConsoleApp2", "ConsoleApp2.csproj", "{40DDD5F9-826D-4305-A3CA-FA04E06B5516}"
EndProject
Global
	GlobalSection(SolutionConfigurationPlatforms) = preSolution
		Debug|Any CPU = Debug|Any CPU
		Release|Any CPU = Release|Any CPU
	EndGlobalSection
	GlobalSection(ProjectConfigurationPlatforms) = postSolution
		{40DDD5F9-826D-4305-A3CA-FA04E06B5516}.Debug|Any CPU.ActiveCfg = Debug|Any CPU
		{40DDD5F9-826D-4305-A3CA-FA04E06B5516}.Debug|Any CPU.Build.0 = Debug|Any CPU
		{40DDD5F9-826D-4305-A3CA-FA04E06B5516}.Release|Any CPU.ActiveCfg = Release|Any CPU
		{40DDD5F9-826D-4305-A3CA-FA04E06B5516}.Release|Any CPU.Build.0 = Release|Any CPU
	EndGlobalSection
	GlobalSection(SolutionProperties) = preSolution
		HideSolutionNode = FALSE
	EndGlobalSection
	GlobalSection(ExtensibilityGlobals) = postSolution
		SolutionGuid = {E6E3554C-C32A-45D6-B62B-4EA2DE19FAB7}
	EndGlobalSection
EndGlobal
