
Microsoft Visual Studio Solution File, Format Version 12.00
# Visual Studio Version 16
VisualStudioVersion = 16.0.29102.190
MinimumVisualStudioVersion = 10.0.40219.1
Project("{FAE04EC0-301F-11D3-BF4B-00C04F79EFBC}") = "Estacionamento", "Estacionamento.csproj", "{9D668F0E-0DB3-41C2-ACDE-C67B1424F83B}"
EndProject
Global
	GlobalSection(SolutionConfigurationPlatforms) = preSolution
		Debug|Any CPU = Debug|Any CPU
		Release|Any CPU = Release|Any CPU
	EndGlobalSection
	GlobalSection(ProjectConfigurationPlatforms) = postSolution
		{9D668F0E-0DB3-41C2-ACDE-C67B1424F83B}.Debug|Any CPU.ActiveCfg = Debug|Any CPU
		{9D668F0E-0DB3-41C2-ACDE-C67B1424F83B}.Debug|Any CPU.Build.0 = Debug|Any CPU
		{9D668F0E-0DB3-41C2-ACDE-C67B1424F83B}.Release|Any CPU.ActiveCfg = Release|Any CPU
		{9D668F0E-0DB3-41C2-ACDE-C67B1424F83B}.Release|Any CPU.Build.0 = Release|Any CPU
	EndGlobalSection
	GlobalSection(SolutionProperties) = preSolution
		HideSolutionNode = FALSE
	EndGlobalSection
	GlobalSection(ExtensibilityGlobals) = postSolution
		SolutionGuid = {A7BF37FE-1EB7-45FD-8701-B3CA4953874C}
	EndGlobalSection
EndGlobal
