
Microsoft Visual Studio Solution File, Format Version 12.00
# Visual Studio Version 16
VisualStudioVersion = 16.0.29102.190
MinimumVisualStudioVersion = 10.0.40219.1
Project("{FAE04EC0-301F-11D3-BF4B-00C04F79EFBC}") = "WpfApp1", "WpfApp1.csproj", "{D9E3525F-0D0D-4919-9B1E-230288C9A1A8}"
EndProject
Global
	GlobalSection(SolutionConfigurationPlatforms) = preSolution
		Debug|Any CPU = Debug|Any CPU
		Release|Any CPU = Release|Any CPU
	EndGlobalSection
	GlobalSection(ProjectConfigurationPlatforms) = postSolution
		{D9E3525F-0D0D-4919-9B1E-230288C9A1A8}.Debug|Any CPU.ActiveCfg = Debug|Any CPU
		{D9E3525F-0D0D-4919-9B1E-230288C9A1A8}.Debug|Any CPU.Build.0 = Debug|Any CPU
		{D9E3525F-0D0D-4919-9B1E-230288C9A1A8}.Release|Any CPU.ActiveCfg = Release|Any CPU
		{D9E3525F-0D0D-4919-9B1E-230288C9A1A8}.Release|Any CPU.Build.0 = Release|Any CPU
	EndGlobalSection
	GlobalSection(SolutionProperties) = preSolution
		HideSolutionNode = FALSE
	EndGlobalSection
	GlobalSection(ExtensibilityGlobals) = postSolution
		SolutionGuid = {F939F62A-E25E-447C-97EF-8E3935A41B1B}
	EndGlobalSection
EndGlobal
