
Microsoft Visual Studio Solution File, Format Version 12.00
# Visual Studio Version 16
VisualStudioVersion = 16.0.29020.237
MinimumVisualStudioVersion = 10.0.40219.1
Project("{FAE04EC0-301F-11D3-BF4B-00C04F79EFBC}") = "InserteRemoveinList", "InserteRemoveinList.csproj", "{37688D36-1F00-4D91-83DA-A29B319B25CA}"
EndProject
Global
	GlobalSection(SolutionConfigurationPlatforms) = preSolution
		Debug|Any CPU = Debug|Any CPU
		Release|Any CPU = Release|Any CPU
	EndGlobalSection
	GlobalSection(ProjectConfigurationPlatforms) = postSolution
		{37688D36-1F00-4D91-83DA-A29B319B25CA}.Debug|Any CPU.ActiveCfg = Debug|Any CPU
		{37688D36-1F00-4D91-83DA-A29B319B25CA}.Debug|Any CPU.Build.0 = Debug|Any CPU
		{37688D36-1F00-4D91-83DA-A29B319B25CA}.Release|Any CPU.ActiveCfg = Release|Any CPU
		{37688D36-1F00-4D91-83DA-A29B319B25CA}.Release|Any CPU.Build.0 = Release|Any CPU
	EndGlobalSection
	GlobalSection(SolutionProperties) = preSolution
		HideSolutionNode = FALSE
	EndGlobalSection
	GlobalSection(ExtensibilityGlobals) = postSolution
		SolutionGuid = {F073859F-C704-4F26-A194-E88E88C70B70}
	EndGlobalSection
EndGlobal
