
Microsoft Visual Studio Solution File, Format Version 12.00
# Visual Studio Version 16
VisualStudioVersion = 16.0.29102.190
MinimumVisualStudioVersion = 10.0.40219.1
Project("{FAE04EC0-301F-11D3-BF4B-00C04F79EFBC}") = "MVCProject", "MVCProject.csproj", "{1064C951-3A48-4954-A6FD-E8C14B6DABC1}"
EndProject
Global
	GlobalSection(SolutionConfigurationPlatforms) = preSolution
		Debug|Any CPU = Debug|Any CPU
		Release|Any CPU = Release|Any CPU
	EndGlobalSection
	GlobalSection(ProjectConfigurationPlatforms) = postSolution
		{1064C951-3A48-4954-A6FD-E8C14B6DABC1}.Debug|Any CPU.ActiveCfg = Debug|Any CPU
		{1064C951-3A48-4954-A6FD-E8C14B6DABC1}.Debug|Any CPU.Build.0 = Debug|Any CPU
		{1064C951-3A48-4954-A6FD-E8C14B6DABC1}.Release|Any CPU.ActiveCfg = Release|Any CPU
		{1064C951-3A48-4954-A6FD-E8C14B6DABC1}.Release|Any CPU.Build.0 = Release|Any CPU
	EndGlobalSection
	GlobalSection(SolutionProperties) = preSolution
		HideSolutionNode = FALSE
	EndGlobalSection
	GlobalSection(ExtensibilityGlobals) = postSolution
		SolutionGuid = {AD1FDF2D-EB10-40AB-BB26-44563429AF33}
	EndGlobalSection
EndGlobal
