
Microsoft Visual Studio Solution File, Format Version 12.00
# Visual Studio Version 16
VisualStudioVersion = 16.0.29020.237
MinimumVisualStudioVersion = 10.0.40219.1
Project("{FAE04EC0-301F-11D3-BF4B-00C04F79EFBC}") = "CriacaoDeLista", "CriacaoDeLista.csproj", "{1C3CA8A2-3881-48E6-A191-AE43D4DA1836}"
EndProject
Global
	GlobalSection(SolutionConfigurationPlatforms) = preSolution
		Debug|Any CPU = Debug|Any CPU
		Release|Any CPU = Release|Any CPU
	EndGlobalSection
	GlobalSection(ProjectConfigurationPlatforms) = postSolution
		{1C3CA8A2-3881-48E6-A191-AE43D4DA1836}.Debug|Any CPU.ActiveCfg = Debug|Any CPU
		{1C3CA8A2-3881-48E6-A191-AE43D4DA1836}.Debug|Any CPU.Build.0 = Debug|Any CPU
		{1C3CA8A2-3881-48E6-A191-AE43D4DA1836}.Release|Any CPU.ActiveCfg = Release|Any CPU
		{1C3CA8A2-3881-48E6-A191-AE43D4DA1836}.Release|Any CPU.Build.0 = Release|Any CPU
	EndGlobalSection
	GlobalSection(SolutionProperties) = preSolution
		HideSolutionNode = FALSE
	EndGlobalSection
	GlobalSection(ExtensibilityGlobals) = postSolution
		SolutionGuid = {42AD2B3D-B6AB-4F31-807A-380B890D1930}
	EndGlobalSection
EndGlobal
