
Microsoft Visual Studio Solution File, Format Version 12.00
# Visual Studio Version 16
VisualStudioVersion = 16.0.29102.190
MinimumVisualStudioVersion = 10.0.40219.1
Project("{FAE04EC0-301F-11D3-BF4B-00C04F79EFBC}") = "MostrarJoinhaClass", "MostrarJoinhaClass.csproj", "{3F1C6CC8-FD1D-4982-9F43-29B2932F15C9}"
EndProject
Project("{FAE04EC0-301F-11D3-BF4B-00C04F79EFBC}") = "UsandoBiblioteca", "..\UsandoBiblioteca\UsandoBiblioteca.csproj", "{80075291-12D0-452C-AD1A-2B8619931FB9}"
EndProject
Global
	GlobalSection(SolutionConfigurationPlatforms) = preSolution
		Debug|Any CPU = Debug|Any CPU
		Release|Any CPU = Release|Any CPU
	EndGlobalSection
	GlobalSection(ProjectConfigurationPlatforms) = postSolution
		{3F1C6CC8-FD1D-4982-9F43-29B2932F15C9}.Debug|Any CPU.ActiveCfg = Debug|Any CPU
		{3F1C6CC8-FD1D-4982-9F43-29B2932F15C9}.Debug|Any CPU.Build.0 = Debug|Any CPU
		{3F1C6CC8-FD1D-4982-9F43-29B2932F15C9}.Release|Any CPU.ActiveCfg = Release|Any CPU
		{3F1C6CC8-FD1D-4982-9F43-29B2932F15C9}.Release|Any CPU.Build.0 = Release|Any CPU
		{80075291-12D0-452C-AD1A-2B8619931FB9}.Debug|Any CPU.ActiveCfg = Debug|Any CPU
		{80075291-12D0-452C-AD1A-2B8619931FB9}.Debug|Any CPU.Build.0 = Debug|Any CPU
		{80075291-12D0-452C-AD1A-2B8619931FB9}.Release|Any CPU.ActiveCfg = Release|Any CPU
		{80075291-12D0-452C-AD1A-2B8619931FB9}.Release|Any CPU.Build.0 = Release|Any CPU
	EndGlobalSection
	GlobalSection(SolutionProperties) = preSolution
		HideSolutionNode = FALSE
	EndGlobalSection
	GlobalSection(ExtensibilityGlobals) = postSolution
		SolutionGuid = {BC99CC33-8045-4C0F-BC18-CC237372CA36}
	EndGlobalSection
EndGlobal
