
Microsoft Visual Studio Solution File, Format Version 12.00
# Visual Studio Version 16
VisualStudioVersion = 16.0.29102.190
MinimumVisualStudioVersion = 10.0.40219.1
Project("{FAE04EC0-301F-11D3-BF4B-00C04F79EFBC}") = "GestorEscola", "GestorEscola.csproj", "{69102AFD-922F-4635-B438-FA417FF87195}"
EndProject
Project("{FAE04EC0-301F-11D3-BF4B-00C04F79EFBC}") = "ClassesEscola", "..\ClassesEscola\ClassesEscola.csproj", "{58C63103-C7BB-4E85-ADAC-EBFB5F3C7967}"
EndProject
Global
	GlobalSection(SolutionConfigurationPlatforms) = preSolution
		Debug|Any CPU = Debug|Any CPU
		Release|Any CPU = Release|Any CPU
	EndGlobalSection
	GlobalSection(ProjectConfigurationPlatforms) = postSolution
		{69102AFD-922F-4635-B438-FA417FF87195}.Debug|Any CPU.ActiveCfg = Debug|Any CPU
		{69102AFD-922F-4635-B438-FA417FF87195}.Debug|Any CPU.Build.0 = Debug|Any CPU
		{69102AFD-922F-4635-B438-FA417FF87195}.Release|Any CPU.ActiveCfg = Release|Any CPU
		{69102AFD-922F-4635-B438-FA417FF87195}.Release|Any CPU.Build.0 = Release|Any CPU
		{58C63103-C7BB-4E85-ADAC-EBFB5F3C7967}.Debug|Any CPU.ActiveCfg = Debug|Any CPU
		{58C63103-C7BB-4E85-ADAC-EBFB5F3C7967}.Debug|Any CPU.Build.0 = Debug|Any CPU
		{58C63103-C7BB-4E85-ADAC-EBFB5F3C7967}.Release|Any CPU.ActiveCfg = Release|Any CPU
		{58C63103-C7BB-4E85-ADAC-EBFB5F3C7967}.Release|Any CPU.Build.0 = Release|Any CPU
	EndGlobalSection
	GlobalSection(SolutionProperties) = preSolution
		HideSolutionNode = FALSE
	EndGlobalSection
	GlobalSection(ExtensibilityGlobals) = postSolution
		SolutionGuid = {80081B35-227C-46E1-94DC-B505F07759E7}
	EndGlobalSection
EndGlobal
