
Microsoft Visual Studio Solution File, Format Version 12.00
# Visual Studio Version 16
VisualStudioVersion = 16.0.29102.190
MinimumVisualStudioVersion = 10.0.40219.1
Project("{FAE04EC0-301F-11D3-BF4B-00C04F79EFBC}") = "WpfAppNew", "WpfAppNew.csproj", "{1634CC7D-DEAF-4DF4-B39E-8A0A631E2A56}"
EndProject
Global
	GlobalSection(SolutionConfigurationPlatforms) = preSolution
		Debug|Any CPU = Debug|Any CPU
		Release|Any CPU = Release|Any CPU
	EndGlobalSection
	GlobalSection(ProjectConfigurationPlatforms) = postSolution
		{1634CC7D-DEAF-4DF4-B39E-8A0A631E2A56}.Debug|Any CPU.ActiveCfg = Debug|Any CPU
		{1634CC7D-DEAF-4DF4-B39E-8A0A631E2A56}.Debug|Any CPU.Build.0 = Debug|Any CPU
		{1634CC7D-DEAF-4DF4-B39E-8A0A631E2A56}.Release|Any CPU.ActiveCfg = Release|Any CPU
		{1634CC7D-DEAF-4DF4-B39E-8A0A631E2A56}.Release|Any CPU.Build.0 = Release|Any CPU
	EndGlobalSection
	GlobalSection(SolutionProperties) = preSolution
		HideSolutionNode = FALSE
	EndGlobalSection
	GlobalSection(ExtensibilityGlobals) = postSolution
		SolutionGuid = {5706F310-3C43-4A7B-8284-5F308FD48492}
	EndGlobalSection
EndGlobal
